<?xml version="1.0" encoding="utf-8"?>
<Project ToolsVersion="4.0" xmlns="http://schemas.microsoft.com/developer/msbuild/2003">
  <ItemGroup>
    <Filter Include="App">
      <UniqueIdentifier>{a645d767-22f8-49fb-b179-0cd9910898f6}</UniqueIdentifier>
    </Filter>
    <Filter Include="Core">
      <UniqueIdentifier>{6a3c73b3-2896-4d48-a391-f3208fafabf1}</UniqueIdentifier>
    </Filter>
    <Filter Include="Data">
      <UniqueIdentifier>{0c9ac23f-0ad4-4ed1-a8d3-7862c7f7c213}</UniqueIdentifier>
    </Filter>
    <Filter Include="Network">
      <UniqueIdentifier>{5fc4f387-2291-4e37-b1e5-dcf0ce6518c2}</UniqueIdentifier>
    </Filter>
    <Filter Include="Rendering">
      <UniqueIdentifier>{d1d6f5d6-7287-4552-a502-d1cbf79e1326}</UniqueIdentifier>
    </Filter>
    <Filter Include="Scenes">
      <UniqueIdentifier>{07176b22-02c3-4172-ac10-42792fcb8f44}</UniqueIdentifier>
    </Filter>
    <Filter Include="Text">
      <UniqueIdentifier>{1e36e873-8882-4f82-b7a5-36c9547db060}</UniqueIdentifier>
    </Filter>
    <Filter Include="World">
      <UniqueIdentifier>{8f95d59b-fd66-4f9c-b346-fd40c15750e0}</UniqueIdentifier>
    </Filter>
  </ItemGroup>
  <ItemGroup>
    <ClCompile Include="App\main.cpp">
      <Filter>App</Filter>
    </ClCompile>
    <ClCompile Include="App\InputState.cpp">
      <Filter>App</Filter>
    </ClCompile>
    <ClCompile Include="App\MainWindow.cpp">
      <Filter>App</Filter>
    </ClCompile>
    <ClCompile Include="App\OpenGLWindow.cpp">
      <Filter>App</Filter>
    </ClCompile>
    <ClCompile Include="Data\SandforgeDatabase.cpp">
      <Filter>Data</Filter>
    </ClCompile>
    <ClCompile Include="Network\SandforgeMultiplayerSession.cpp">
      <Filter>Network</Filter>
    </ClCompile>
    <ClCompile Include="Network\SandforgePacketBuffer.cpp">
      <Filter>Network</Filter>
    </ClCompile>
    <ClCompile Include="Rendering\Animation2D.cpp">
      <Filter>Rendering</Filter>
    </ClCompile>
    <ClCompile Include="Rendering\glad.cpp">
      <Filter>Rendering</Filter>
    </ClCompile>
    <ClCompile Include="Rendering\ResourceManager.cpp">
      <Filter>Rendering</Filter>
    </ClCompile>
    <ClCompile Include="Rendering\Sprite.cpp">
      <Filter>Rendering</Filter>
    </ClCompile>
    <ClCompile Include="Rendering\stb_image.cpp">
      <Filter>Rendering</Filter>
    </ClCompile>
    <ClCompile Include="Rendering\Texture2D.cpp">
      <Filter>Rendering</Filter>
    </ClCompile>
    <ClCompile Include="Rendering\VertexBuffer2D.cpp">
      <Filter>Rendering</Filter>
    </ClCompile>
    <ClCompile Include="Scenes\GameplayScene.cpp">
      <Filter>Scenes</Filter>
    </ClCompile>
    <ClCompile Include="Scenes\GameplayBuildPreviewController.cpp">
      <Filter>Scenes</Filter>
    </ClCompile>
    <ClCompile Include="Scenes\GameplayHudRenderer.cpp">
      <Filter>Scenes</Filter>
    </ClCompile>
    <ClCompile Include="Scenes\GameplayInputController.cpp">
      <Filter>Scenes</Filter>
    </ClCompile>
    <ClCompile Include="Scenes\GameplaySelectionController.cpp">
      <Filter>Scenes</Filter>
    </ClCompile>
    <ClCompile Include="Scenes\GameplayState.cpp">
      <Filter>Scenes</Filter>
    </ClCompile>
    <ClCompile Include="Scenes\GameplayWorldRenderer.cpp">
      <Filter>Scenes</Filter>
    </ClCompile>
    <ClCompile Include="Scenes\HowToPlayScene.cpp">
      <Filter>Scenes</Filter>
    </ClCompile>
    <ClCompile Include="Scenes\MultiplayerLobbyScene.cpp">
      <Filter>Scenes</Filter>
    </ClCompile>
    <ClCompile Include="Scenes\TitleScene.cpp">
      <Filter>Scenes</Filter>
    </ClCompile>
    <ClCompile Include="Text\Encoding.cpp">
      <Filter>Text</Filter>
    </ClCompile>
    <ClCompile Include="Text\FontAsset.cpp">
      <Filter>Text</Filter>
    </ClCompile>
    <ClCompile Include="Text\FreeTypeService.cpp">
      <Filter>Text</Filter>
    </ClCompile>
    <ClCompile Include="Text\TextEngine.cpp">
      <Filter>Text</Filter>
    </ClCompile>
    <ClCompile Include="World\SandforgeWorld.cpp">
      <Filter>World</Filter>
    </ClCompile>
    <ClCompile Include="pch.cpp" />
  </ItemGroup>
  <ItemGroup>
    <ClInclude Include="App\GameContext.h">
      <Filter>App</Filter>
    </ClInclude>
    <ClInclude Include="App\InputState.h">
      <Filter>App</Filter>
    </ClInclude>
    <ClInclude Include="App\MainWindow.h">
      <Filter>App</Filter>
    </ClInclude>
    <ClInclude Include="App\OpenGLWindow.h">
      <Filter>App</Filter>
    </ClInclude>
    <ClInclude Include="Core\SandforgeTypes.h">
      <Filter>Core</Filter>
    </ClInclude>
    <ClInclude Include="Data\SandforgeDatabase.h">
      <Filter>Data</Filter>
    </ClInclude>
    <ClInclude Include="Network\SandforgeMultiplayerSession.h">
      <Filter>Network</Filter>
    </ClInclude>
    <ClInclude Include="Network\SandforgePacketBuffer.h">
      <Filter>Network</Filter>
    </ClInclude>
    <ClInclude Include="Network\SandforgePacketTypes.h">
      <Filter>Network</Filter>
    </ClInclude>
    <ClInclude Include="Rendering\Animation2D.h">
      <Filter>Rendering</Filter>
    </ClInclude>
    <ClInclude Include="Rendering\ResourceManager.h">
      <Filter>Rendering</Filter>
    </ClInclude>
    <ClInclude Include="Rendering\Shader.h">
      <Filter>Rendering</Filter>
    </ClInclude>
    <ClInclude Include="Rendering\Sprite.h">
      <Filter>Rendering</Filter>
    </ClInclude>
    <ClInclude Include="Rendering\stb_image.h">
      <Filter>Rendering</Filter>
    </ClInclude>
    <ClInclude Include="Rendering\Texture2D.h">
      <Filter>Rendering</Filter>
    </ClInclude>
    <ClInclude Include="Rendering\Transform2D.h">
      <Filter>Rendering</Filter>
    </ClInclude>
    <ClInclude Include="Rendering\VertexBuffer2D.h">
      <Filter>Rendering</Filter>
    </ClInclude>
    <ClInclude Include="Scenes\GameScene.h">
      <Filter>Scenes</Filter>
    </ClInclude>
    <ClInclude Include="Scenes\GameplayBuildPreviewController.h">
      <Filter>Scenes</Filter>
    </ClInclude>
    <ClInclude Include="Scenes\GameplayHudRenderer.h">
      <Filter>Scenes</Filter>
    </ClInclude>
    <ClInclude Include="Scenes\GameplayInputController.h">
      <Filter>Scenes</Filter>
    </ClInclude>
    <ClInclude Include="Scenes\GameplayScene.h">
      <Filter>Scenes</Filter>
    </ClInclude>
    <ClInclude Include="Scenes\GameplaySelectionController.h">
      <Filter>Scenes</Filter>
    </ClInclude>
    <ClInclude Include="Scenes\GameplayState.h">
      <Filter>Scenes</Filter>
    </ClInclude>
    <ClInclude Include="Scenes\GameplayWorldRenderer.h">
      <Filter>Scenes</Filter>
    </ClInclude>
    <ClInclude Include="Scenes\HowToPlayScene.h">
      <Filter>Scenes</Filter>
    </ClInclude>
    <ClInclude Include="Scenes\MultiplayerLobbyScene.h">
      <Filter>Scenes</Filter>
    </ClInclude>
    <ClInclude Include="Scenes\TitleScene.h">
      <Filter>Scenes</Filter>
    </ClInclude>
    <ClInclude Include="Text\Encoding.h">
      <Filter>Text</Filter>
    </ClInclude>
    <ClInclude Include="Text\FontAsset.h">
      <Filter>Text</Filter>
    </ClInclude>
    <ClInclude Include="Text\FreeTypeService.h">
      <Filter>Text</Filter>
    </ClInclude>
    <ClInclude Include="Text\TextCommon.h">
      <Filter>Text</Filter>
    </ClInclude>
    <ClInclude Include="Text\TextEngine.h">
      <Filter>Text</Filter>
    </ClInclude>
    <ClInclude Include="World\SandforgeWorld.h">
      <Filter>World</Filter>
    </ClInclude>
    <ClInclude Include="pch.h" />
  </ItemGroup>
</Project>
