<?xml version="1.0" encoding="utf-8"?>
<Project ToolsVersion="4.0" xmlns="http://schemas.microsoft.com/developer/msbuild/2003">
  <ItemGroup>
    <ClCompile Include="main.cpp" />
    <ClCompile Include="OpenGLWindow.cpp">
      <Filter>OpenGL\Window</Filter>
    </ClCompile>
    <ClCompile Include="Encoding.cpp">
      <Filter>utill</Filter>
    </ClCompile>
    <ClCompile Include="stb_image.cpp">
      <Filter>utill</Filter>
    </ClCompile>
    <ClCompile Include="glad.cpp">
      <Filter>glad</Filter>
    </ClCompile>
    <ClCompile Include="MainWindow.cpp">
      <Filter>OpenGL\Window</Filter>
    </ClCompile>
    <ClCompile Include="VertexBuffer2D.cpp">
      <Filter>OpenGL\VertexBuffer2D</Filter>
    </ClCompile>
    <ClCompile Include="Texture2D.cpp">
      <Filter>OpenGL\Texture2D</Filter>
    </ClCompile>
    <ClCompile Include="pch.cpp" />
    <ClCompile Include="Sprite.cpp">
      <Filter>OpenGL\Sprite</Filter>
    </ClCompile>
    <ClCompile Include="ResourceManager.cpp">
      <Filter>Management</Filter>
    </ClCompile>
    <ClCompile Include="Animation2D.cpp">
      <Filter>OpenGL\Animation2D</Filter>
    </ClCompile>
    <ClCompile Include="GameplayScene.cpp">
      <Filter>Game\Scene</Filter>
    </ClCompile>
    <ClCompile Include="GameplayState.cpp">
      <Filter>Game</Filter>
    </ClCompile>
    <ClCompile Include="InputState.cpp">
      <Filter>Game</Filter>
    </ClCompile>
    <ClCompile Include="TitleScene.cpp">
      <Filter>Game\Scene</Filter>
    </ClCompile>
  </ItemGroup>
  <ItemGroup>
    <ClInclude Include="pch.h" />
    <ClInclude Include="OpenGLWindow.h">
      <Filter>OpenGL\Window</Filter>
    </ClInclude>
    <ClInclude Include="Encoding.h">
      <Filter>utill</Filter>
    </ClInclude>
    <ClInclude Include="stb_image.h">
      <Filter>utill</Filter>
    </ClInclude>
    <ClInclude Include="MainWindow.h">
      <Filter>OpenGL\Window</Filter>
    </ClInclude>
    <ClInclude Include="VertexBuffer2D.h">
      <Filter>OpenGL\VertexBuffer2D</Filter>
    </ClInclude>
    <ClInclude Include="Transform2D.h">
      <Filter>OpenGL\Transform2D</Filter>
    </ClInclude>
    <ClInclude Include="Texture2D.h">
      <Filter>OpenGL\Texture2D</Filter>
    </ClInclude>
    <ClInclude Include="Shader.h">
      <Filter>OpenGL\Shader</Filter>
    </ClInclude>
    <ClInclude Include="Sprite.h">
      <Filter>OpenGL\Sprite</Filter>
    </ClInclude>
    <ClInclude Include="ResourceManager.h">
      <Filter>Management</Filter>
    </ClInclude>
    <ClInclude Include="Animation2D.h">
      <Filter>OpenGL\Animation2D</Filter>
    </ClInclude>
    <ClInclude Include="GameContext.h">
      <Filter>Game</Filter>
    </ClInclude>
    <ClInclude Include="GameplayScene.h">
      <Filter>Game\Scene</Filter>
    </ClInclude>
    <ClInclude Include="GameplayState.h">
      <Filter>Game</Filter>
    </ClInclude>
    <ClInclude Include="InputState.h">
      <Filter>Game</Filter>
    </ClInclude>
    <ClInclude Include="TitleScene.h">
      <Filter>Game\Scene</Filter>
    </ClInclude>
    <ClInclude Include="GameScene.h">
      <Filter>Game\Scene</Filter>
    </ClInclude>
  </ItemGroup>
  <ItemGroup>
    <Filter Include="OpenGL">
      <UniqueIdentifier>{026fcf31-3194-4132-86ca-c899c4abe57e}</UniqueIdentifier>
    </Filter>
    <Filter Include="OpenGL\Window">
      <UniqueIdentifier>{aa5cb281-154d-4f6f-9c2d-00fa69efa950}</UniqueIdentifier>
    </Filter>
    <Filter Include="utill">
      <UniqueIdentifier>{8c9dbbd4-7c97-4388-a431-c162517d59e8}</UniqueIdentifier>
    </Filter>
    <Filter Include="glad">
      <UniqueIdentifier>{4ef79659-2c0e-4117-b71c-24a830ec1b0c}</UniqueIdentifier>
    </Filter>
    <Filter Include="OpenGL\VertexBuffer2D">
      <UniqueIdentifier>{aaf8fb9b-7be0-4430-87a1-b2b1ee340660}</UniqueIdentifier>
    </Filter>
    <Filter Include="OpenGL\Transform2D">
      <UniqueIdentifier>{4a354dfd-4c22-4066-becd-d0195baf1e48}</UniqueIdentifier>
    </Filter>
    <Filter Include="OpenGL\Texture2D">
      <UniqueIdentifier>{df82d0e9-7dda-4787-96c3-2ef96d695f42}</UniqueIdentifier>
    </Filter>
    <Filter Include="OpenGL\Shader">
      <UniqueIdentifier>{a3ceb2ac-838a-47bc-a425-8b53a6b48538}</UniqueIdentifier>
    </Filter>
    <Filter Include="OpenGL\Sprite">
      <UniqueIdentifier>{d4533348-9795-445e-a0fe-88f1849cba1c}</UniqueIdentifier>
    </Filter>
    <Filter Include="Management">
      <UniqueIdentifier>{99d1df4a-c511-42ce-8850-ae1e57c42dad}</UniqueIdentifier>
    </Filter>
    <Filter Include="OpenGL\Animation2D">
      <UniqueIdentifier>{9cd8ea82-f5fb-45fa-9cec-65a5b303587b}</UniqueIdentifier>
    </Filter>
    <Filter Include="Game">
      <UniqueIdentifier>{25a5b071-f586-49c6-809b-f07a2d6130a0}</UniqueIdentifier>
    </Filter>
    <Filter Include="Game\Scene">
      <UniqueIdentifier>{28d6f035-2355-4571-b484-f4438a22232f}</UniqueIdentifier>
    </Filter>
  </ItemGroup>
</Project>
